
Microsoft Visual Studio Solution File, Format Version 11.00
# Visual Studio 2010
Project("{FAE04EC0-301F-11D3-BF4B-00C04F79EFBC}") = "ConcurrenteBaseDatos", "ConcurrenteBaseDatos\ConcurrenteBaseDatos.csproj", "{E98DE05C-C988-4677-876C-5DE93606804D}"
EndProject
Global
	GlobalSection(SolutionConfigurationPlatforms) = preSolution
		Debug|x86 = Debug|x86
		Release|x86 = Release|x86
	EndGlobalSection
	GlobalSection(ProjectConfigurationPlatforms) = postSolution
		{E98DE05C-C988-4677-876C-5DE93606804D}.Debug|x86.ActiveCfg = Debug|x86
		{E98DE05C-C988-4677-876C-5DE93606804D}.Debug|x86.Build.0 = Debug|x86
		{E98DE05C-C988-4677-876C-5DE93606804D}.Release|x86.ActiveCfg = Release|x86
		{E98DE05C-C988-4677-876C-5DE93606804D}.Release|x86.Build.0 = Release|x86
	EndGlobalSection
	GlobalSection(SolutionProperties) = preSolution
		HideSolutionNode = FALSE
	EndGlobalSection
EndGlobal
